{
  "name": "todo-list",
  "lockfileVersion": 2,
  "requires": true,
  "packages": {
    "": {
      "dependencies": {
        "primeicons": "^5.0.0",
        "primeng": "^13.3.3"
      }
    },
    "node_modules/@angular/common": {
      "version": "13.3.4",
      "resolved": "https://registry.npmjs.org/@angular/common/-/common-13.3.4.tgz",
      "integrity": "sha512-vPZuUGWMXz6r30obBqH+iIG4Feq4YEK/4wUks7PEYGke8MXFPYsNKuHMhKCgYEhabD/4Mo4GEp3i18/3Kk72Mw==",
      "peer": true,
      "dependencies": {
        "tslib": "^2.3.0"
      },
      "engines": {
        "node": "^12.20.0 || ^14.15.0 || >=16.10.0"
      },
      "peerDependencies": {
        "@angular/core": "13.3.4",
        "rxjs": "^6.5.3 || ^7.4.0"
      }
    },
    "node_modules/@angular/core": {
      "version": "13.3.4",
      "resolved": "https://registry.npmjs.org/@angular/core/-/core-13.3.4.tgz",
      "integrity": "sha512-PqPwx9oaV0Bh0m0fdI2jtXUC6s04jfD4vyzB4sjEuRI9pRUnZ6M5hZ5Vn/KJVZyt411MevbJfqzUVf0W+GDZew==",
      "peer": true,
      "dependencies": {
        "tslib": "^2.3.0"
      },
      "engines": {
        "node": "^12.20.0 || ^14.15.0 || >=16.10.0"
      },
      "peerDependencies": {
        "rxjs": "^6.5.3 || ^7.4.0",
        "zone.js": "~0.11.4"
      }
    },
    "node_modules/@angular/forms": {
      "version": "13.3.4",
      "resolved": "https://registry.npmjs.org/@angular/forms/-/forms-13.3.4.tgz",
      "integrity": "sha512-QHyUXOKYITysaJJ4VnmBacE69oz0rw4G7Y2lhPb2V3a1XsWeO61SZEeGMfAWo7sLoDvi2MCEWNEhl1du4dK14A==",
      "peer": true,
      "dependencies": {
        "tslib": "^2.3.0"
      },
      "engines": {
        "node": "^12.20.0 || ^14.15.0 || >=16.10.0"
      },
      "peerDependencies": {
        "@angular/common": "13.3.4",
        "@angular/core": "13.3.4",
        "@angular/platform-browser": "13.3.4",
        "rxjs": "^6.5.3 || ^7.4.0"
      }
    },
    "node_modules/@angular/platform-browser": {
      "version": "13.3.4",
      "resolved": "https://registry.npmjs.org/@angular/platform-browser/-/platform-browser-13.3.4.tgz",
      "integrity": "sha512-IjBOkjrIVIbbZCDQJRdel0FSDcExSLDgMxcCSQ6pKa6oR/t59BJpSpOhB1W9nRwLtvMmGYkS/oyLFsKk65UoYA==",
      "peer": true,
      "dependencies": {
        "tslib": "^2.3.0"
      },
      "engines": {
        "node": "^12.20.0 || ^14.15.0 || >=16.10.0"
      },
      "peerDependencies": {
        "@angular/animations": "13.3.4",
        "@angular/common": "13.3.4",
        "@angular/core": "13.3.4"
      },
      "peerDependenciesMeta": {
        "@angular/animations": {
          "optional": true
        }
      }
    },
    "node_modules/primeicons": {
      "version": "5.0.0",
      "resolved": "https://registry.npmjs.org/primeicons/-/primeicons-5.0.0.tgz",
      "integrity": "sha512-heygWF0X5HFI1otlZE62pp6ye7sZ8om78J9au2BRkg8O7Y8AHTZ9qKMRzchZUHLe8zUAvdi6hZzzm9XxgwIExw=="
    },
    "node_modules/primeng": {
      "version": "13.3.3",
      "resolved": "https://registry.npmjs.org/primeng/-/primeng-13.3.3.tgz",
      "integrity": "sha512-vuC4Ukv66fAH6iZp1WrBZtiogFBxH+sFRL6WcuL4NxYoxG4OoiU4yRXz2hawl/yBWqMsVDs9AvO7GwUTsKr9Hw==",
      "dependencies": {
        "tslib": "^2.3.0"
      },
      "peerDependencies": {
        "@angular/common": "^13.0.0",
        "@angular/core": "^13.0.0",
        "@angular/forms": "^13.0.0",
        "primeicons": "^5.0.0",
        "rxjs": "^6.0.0 || ^7.0.0",
        "zone.js": "^0.10.2 || ^0.11.0"
      }
    },
    "node_modules/rxjs": {
      "version": "7.5.5",
      "resolved": "https://registry.npmjs.org/rxjs/-/rxjs-7.5.5.tgz",
      "integrity": "sha512-sy+H0pQofO95VDmFLzyaw9xNJU4KTRSwQIGM6+iG3SypAtCiLDzpeG8sJrNCWn2Up9km+KhkvTdbkrdy+yzZdw==",
      "peer": true,
      "dependencies": {
        "tslib": "^2.1.0"
      }
    },
    "node_modules/tslib": {
      "version": "2.3.1",
      "resolved": "https://registry.npmjs.org/tslib/-/tslib-2.3.1.tgz",
      "integrity": "sha512-77EbyPPpMz+FRFRuAFlWMtmgUWGe9UOG2Z25NqCwiIjRhOf5iKGuzSe5P2w1laq+FkRy4p+PCuVkJSGkzTEKVw=="
    },
    "node_modules/zone.js": {
      "version": "0.11.5",
      "resolved": "https://registry.npmjs.org/zone.js/-/zone.js-0.11.5.tgz",
      "integrity": "sha512-D1/7VxEuQ7xk6z/kAROe4SUbd9CzxY4zOwVGnGHerd/SgLIVU5f4esDzQUsOCeArn933BZfWMKydH7l7dPEp0g==",
      "peer": true,
      "dependencies": {
        "tslib": "^2.3.0"
      }
    }
  },
  "dependencies": {
    "@angular/common": {
      "version": "13.3.4",
      "resolved": "https://registry.npmjs.org/@angular/common/-/common-13.3.4.tgz",
      "integrity": "sha512-vPZuUGWMXz6r30obBqH+iIG4Feq4YEK/4wUks7PEYGke8MXFPYsNKuHMhKCgYEhabD/4Mo4GEp3i18/3Kk72Mw==",
      "peer": true,
      "requires": {
        "tslib": "^2.3.0"
      }
    },
    "@angular/core": {
      "version": "13.3.4",
      "resolved": "https://registry.npmjs.org/@angular/core/-/core-13.3.4.tgz",
      "integrity": "sha512-PqPwx9oaV0Bh0m0fdI2jtXUC6s04jfD4vyzB4sjEuRI9pRUnZ6M5hZ5Vn/KJVZyt411MevbJfqzUVf0W+GDZew==",
      "peer": true,
      "requires": {
        "tslib": "^2.3.0"
      }
    },
    "@angular/forms": {
      "version": "13.3.4",
      "resolved": "https://registry.npmjs.org/@angular/forms/-/forms-13.3.4.tgz",
      "integrity": "sha512-QHyUXOKYITysaJJ4VnmBacE69oz0rw4G7Y2lhPb2V3a1XsWeO61SZEeGMfAWo7sLoDvi2MCEWNEhl1du4dK14A==",
      "peer": true,
      "requires": {
        "tslib": "^2.3.0"
      }
    },
    "@angular/platform-browser": {
      "version": "13.3.4",
      "resolved": "https://registry.npmjs.org/@angular/platform-browser/-/platform-browser-13.3.4.tgz",
      "integrity": "sha512-IjBOkjrIVIbbZCDQJRdel0FSDcExSLDgMxcCSQ6pKa6oR/t59BJpSpOhB1W9nRwLtvMmGYkS/oyLFsKk65UoYA==",
      "peer": true,
      "requires": {
        "tslib": "^2.3.0"
      }
    },
    "primeicons": {
      "version": "5.0.0",
      "resolved": "https://registry.npmjs.org/primeicons/-/primeicons-5.0.0.tgz",
      "integrity": "sha512-heygWF0X5HFI1otlZE62pp6ye7sZ8om78J9au2BRkg8O7Y8AHTZ9qKMRzchZUHLe8zUAvdi6hZzzm9XxgwIExw=="
    },
    "primeng": {
      "version": "13.3.3",
      "resolved": "https://registry.npmjs.org/primeng/-/primeng-13.3.3.tgz",
      "integrity": "sha512-vuC4Ukv66fAH6iZp1WrBZtiogFBxH+sFRL6WcuL4NxYoxG4OoiU4yRXz2hawl/yBWqMsVDs9AvO7GwUTsKr9Hw==",
      "requires": {
        "tslib": "^2.3.0"
      }
    },
    "rxjs": {
      "version": "7.5.5",
      "resolved": "https://registry.npmjs.org/rxjs/-/rxjs-7.5.5.tgz",
      "integrity": "sha512-sy+H0pQofO95VDmFLzyaw9xNJU4KTRSwQIGM6+iG3SypAtCiLDzpeG8sJrNCWn2Up9km+KhkvTdbkrdy+yzZdw==",
      "peer": true,
      "requires": {
        "tslib": "^2.1.0"
      }
    },
    "tslib": {
      "version": "2.3.1",
      "resolved": "https://registry.npmjs.org/tslib/-/tslib-2.3.1.tgz",
      "integrity": "sha512-77EbyPPpMz+FRFRuAFlWMtmgUWGe9UOG2Z25NqCwiIjRhOf5iKGuzSe5P2w1laq+FkRy4p+PCuVkJSGkzTEKVw=="
    },
    "zone.js": {
      "version": "0.11.5",
      "resolved": "https://registry.npmjs.org/zone.js/-/zone.js-0.11.5.tgz",
      "integrity": "sha512-D1/7VxEuQ7xk6z/kAROe4SUbd9CzxY4zOwVGnGHerd/SgLIVU5f4esDzQUsOCeArn933BZfWMKydH7l7dPEp0g==",
      "peer": true,
      "requires": {
        "tslib": "^2.3.0"
      }
    }
  }
}
